
Microsoft Visual Studio Solution File, Format Version 12.00
# Visual Studio Version 16
VisualStudioVersion = 16.0.32106.194
MinimumVisualStudioVersion = 10.0.40219.1
Project("{FAE04EC0-301F-11D3-BF4B-00C04F79EFBC}") = "EmployeeService", "EmployeeService\EmployeeService.csproj", "{6E706B4C-4C2E-462B-AB26-83D3F674DA70}"
EndProject
Project("{FAE04EC0-301F-11D3-BF4B-00C04F79EFBC}") = "EmployeeService.BLL", "EmployeeService.BLL\EmployeeService.BLL.csproj", "{CA3C6064-111E-407E-A3F6-4BBF0D3191B0}"
EndProject
Project("{FAE04EC0-301F-11D3-BF4B-00C04F79EFBC}") = "EmployeeService.DAL", "EmployeeService.DAL\EmployeeService.DAL.csproj", "{EFED8F37-FBB0-4EB8-9F20-B40E297E4F22}"
EndProject
Global
	GlobalSection(SolutionConfigurationPlatforms) = preSolution
		Debug|Any CPU = Debug|Any CPU
		Release|Any CPU = Release|Any CPU
	EndGlobalSection
	GlobalSection(ProjectConfigurationPlatforms) = postSolution
		{6E706B4C-4C2E-462B-AB26-83D3F674DA70}.Debug|Any CPU.ActiveCfg = Debug|Any CPU
		{6E706B4C-4C2E-462B-AB26-83D3F674DA70}.Debug|Any CPU.Build.0 = Debug|Any CPU
		{6E706B4C-4C2E-462B-AB26-83D3F674DA70}.Release|Any CPU.ActiveCfg = Release|Any CPU
		{6E706B4C-4C2E-462B-AB26-83D3F674DA70}.Release|Any CPU.Build.0 = Release|Any CPU
		{CA3C6064-111E-407E-A3F6-4BBF0D3191B0}.Debug|Any CPU.ActiveCfg = Debug|Any CPU
		{CA3C6064-111E-407E-A3F6-4BBF0D3191B0}.Debug|Any CPU.Build.0 = Debug|Any CPU
		{CA3C6064-111E-407E-A3F6-4BBF0D3191B0}.Release|Any CPU.ActiveCfg = Release|Any CPU
		{CA3C6064-111E-407E-A3F6-4BBF0D3191B0}.Release|Any CPU.Build.0 = Release|Any CPU
		{EFED8F37-FBB0-4EB8-9F20-B40E297E4F22}.Debug|Any CPU.ActiveCfg = Debug|Any CPU
		{EFED8F37-FBB0-4EB8-9F20-B40E297E4F22}.Debug|Any CPU.Build.0 = Debug|Any CPU
		{EFED8F37-FBB0-4EB8-9F20-B40E297E4F22}.Release|Any CPU.ActiveCfg = Release|Any CPU
		{EFED8F37-FBB0-4EB8-9F20-B40E297E4F22}.Release|Any CPU.Build.0 = Release|Any CPU
	EndGlobalSection
	GlobalSection(SolutionProperties) = preSolution
		HideSolutionNode = FALSE
	EndGlobalSection
	GlobalSection(ExtensibilityGlobals) = postSolution
		SolutionGuid = {5B273C52-0A52-4C02-9754-52D7552056D2}
	EndGlobalSection
EndGlobal
